
Microsoft Visual Studio Solution File, Format Version 12.00
# Visual Studio Version 17
VisualStudioVersion = 17.6.33815.320
MinimumVisualStudioVersion = 10.0.40219.1
Project("{FAE04EC0-301F-11D3-BF4B-00C04F79EFBC}") = "Ankh.Ids", "Ankh.Ids\Ankh.Ids.csproj", "{61D343CF-77BA-4EF2-96F5-E0D4EFD04844}"
EndProject
Project("{FAE04EC0-301F-11D3-BF4B-00C04F79EFBC}") = "Ankh.ExtensionPoints", "Ankh.ExtensionPoints\Ankh.ExtensionPoints.csproj", "{B7168874-E05E-458D-95CC-5D7BBC243986}"
EndProject
Project("{FAE04EC0-301F-11D3-BF4B-00C04F79EFBC}") = "Ankh.Services", "Ankh.Services\Ankh.Services.csproj", "{D90A8E89-66B2-451E-8B31-3D86F0CD4AFB}"
EndProject
Project("{2150E333-8FDC-42A3-9474-1A3956D46DE8}") = "Definitions", "Definitions", "{60DB2EBD-DE71-49D4-A026-C511A24E5E1B}"
EndProject
Project("{FAE04EC0-301F-11D3-BF4B-00C04F79EFBC}") = "Ankh.VS.Interop", "Ankh.VS.Interop\Ankh.VS.Interop.csproj", "{B99CB919-1A2C-4E3B-9C15-8789B358EA99}"
EndProject
Project("{2150E333-8FDC-42A3-9474-1A3956D46DE8}") = "readme", "readme", "{1C595CA2-D2B5-4C70-9C38-8E26038836FD}"
	ProjectSection(SolutionItems) = preProject
		BUILD.md = BUILD.md
		CHANGES.txt = CHANGES.txt
		CONTRIBUTORS.txt = CONTRIBUTORS.txt
		LICENSE.rtf = LICENSE.rtf
		LICENSE.txt = LICENSE.txt
		NOTICE.txt = NOTICE.txt
		README.md = README.md
		Release-Checklist.txt = Release-Checklist.txt
	EndProjectSection
EndProject
Project("{2150E333-8FDC-42A3-9474-1A3956D46DE8}") = "tools", "tools", "{BFB6F0F7-23AE-4BA3-94E0-6FF0765F6A05}"
	ProjectSection(SolutionItems) = preProject
		tools\Ankh-Common.1.props.targets = tools\Ankh-Common.1.props.targets
		tools\Ankh-Common.2.build.targets = tools\Ankh-Common.2.build.targets
		tools\Ankh-Common.3.sdk.targets = tools\Ankh-Common.3.sdk.targets
		tools\Ankh-Common.4.references.targets = tools\Ankh-Common.4.references.targets
		tools\Ankh-Common.5.TurtleQQn.targets = tools\Ankh-Common.5.TurtleQQn.targets
		tools\Tools-Common.1.props.targets = tools\Tools-Common.1.props.targets
		tools\Tools-Common.2.build.targets = tools\Tools-Common.2.build.targets
	EndProjectSection
EndProject
Project("{2150E333-8FDC-42A3-9474-1A3956D46DE8}") = "Implementation", "Implementation", "{F6E58164-D4AB-4249-87A7-01648B443602}"
EndProject
Project("{FAE04EC0-301F-11D3-BF4B-00C04F79EFBC}") = "Ankh.Diff", "Ankh.Diff\Ankh.Diff.csproj", "{62F97060-6A9E-477D-B15B-E1A1F5320039}"
EndProject
Project("{FAE04EC0-301F-11D3-BF4B-00C04F79EFBC}") = "Ankh.UI", "Ankh.UI\Ankh.UI.csproj", "{AC32DD7A-4FC3-42C5-AFA7-ADE81F13A6DE}"
EndProject
Project("{FAE04EC0-301F-11D3-BF4B-00C04F79EFBC}") = "Ankh.VS", "Ankh.VS\Ankh.VS.csproj", "{906E3F01-CD79-4F80-BCA7-1105224328C4}"
EndProject
Project("{FAE04EC0-301F-11D3-BF4B-00C04F79EFBC}") = "Ankh.Scc", "Ankh.Scc\Ankh.Scc.csproj", "{ECE36A69-DD85-4AAB-B329-12BAE4675056}"
EndProject
Project("{FAE04EC0-301F-11D3-BF4B-00C04F79EFBC}") = "Ankh", "Ankh\Ankh.csproj", "{CE58AAC8-2271-4223-882F-0CD1A7105A52}"
EndProject
Project("{FAE04EC0-301F-11D3-BF4B-00C04F79EFBC}") = "Ankh.ImageCatalog", "Ankh.ImageCatalog\Ankh.ImageCatalog.csproj", "{B52EC60A-F421-4224-9038-6DD2CE9A7AB1}"
EndProject
Project("{FAE04EC0-301F-11D3-BF4B-00C04F79EFBC}") = "Ankh.Package", "Ankh.Package\Ankh.Package.csproj", "{FA90174C-5763-46E8-9C95-328CA8451072}"
EndProject
Project("{2150E333-8FDC-42A3-9474-1A3956D46DE8}") = "Package", "Package", "{D1A05A7F-ACC7-4335-AE6B-29BFAAE38B07}"
EndProject
Project("{FAE04EC0-301F-11D3-BF4B-00C04F79EFBC}") = "QQn.TurtleTasks", "tools\QQn.TurtleTasks\QQn.TurtleTasks.csproj", "{22DF9E95-3764-4C40-8C79-A81B4CC3440D}"
EndProject
Global
	GlobalSection(SolutionConfigurationPlatforms) = preSolution
		Debug|Any CPU = Debug|Any CPU
		Debug|arm64 = Debug|arm64
		Debug|x64 = Debug|x64
		Debug|x86 = Debug|x86
		Release|Any CPU = Release|Any CPU
		Release|arm64 = Release|arm64
		Release|x64 = Release|x64
		Release|x86 = Release|x86
	EndGlobalSection
	GlobalSection(ProjectConfigurationPlatforms) = postSolution
		{61D343CF-77BA-4EF2-96F5-E0D4EFD04844}.Debug|Any CPU.ActiveCfg = Debug|Any CPU
		{61D343CF-77BA-4EF2-96F5-E0D4EFD04844}.Debug|Any CPU.Build.0 = Debug|Any CPU
		{61D343CF-77BA-4EF2-96F5-E0D4EFD04844}.Debug|arm64.ActiveCfg = Debug|Any CPU
		{61D343CF-77BA-4EF2-96F5-E0D4EFD04844}.Debug|arm64.Build.0 = Debug|Any CPU
		{61D343CF-77BA-4EF2-96F5-E0D4EFD04844}.Debug|x64.ActiveCfg = Debug|x64
		{61D343CF-77BA-4EF2-96F5-E0D4EFD04844}.Debug|x64.Build.0 = Debug|x64
		{61D343CF-77BA-4EF2-96F5-E0D4EFD04844}.Debug|x86.ActiveCfg = Debug|Any CPU
		{61D343CF-77BA-4EF2-96F5-E0D4EFD04844}.Debug|x86.Build.0 = Debug|Any CPU
		{61D343CF-77BA-4EF2-96F5-E0D4EFD04844}.Release|Any CPU.ActiveCfg = Release|Any CPU
		{61D343CF-77BA-4EF2-96F5-E0D4EFD04844}.Release|Any CPU.Build.0 = Release|Any CPU
		{61D343CF-77BA-4EF2-96F5-E0D4EFD04844}.Release|arm64.ActiveCfg = Release|Any CPU
		{61D343CF-77BA-4EF2-96F5-E0D4EFD04844}.Release|arm64.Build.0 = Release|Any CPU
		{61D343CF-77BA-4EF2-96F5-E0D4EFD04844}.Release|x64.ActiveCfg = Release|x64
		{61D343CF-77BA-4EF2-96F5-E0D4EFD04844}.Release|x64.Build.0 = Release|x64
		{61D343CF-77BA-4EF2-96F5-E0D4EFD04844}.Release|x86.ActiveCfg = Release|Any CPU
		{61D343CF-77BA-4EF2-96F5-E0D4EFD04844}.Release|x86.Build.0 = Release|Any CPU
		{B7168874-E05E-458D-95CC-5D7BBC243986}.Debug|Any CPU.ActiveCfg = Debug|Any CPU
		{B7168874-E05E-458D-95CC-5D7BBC243986}.Debug|Any CPU.Build.0 = Debug|Any CPU
		{B7168874-E05E-458D-95CC-5D7BBC243986}.Debug|arm64.ActiveCfg = Debug|Any CPU
		{B7168874-E05E-458D-95CC-5D7BBC243986}.Debug|arm64.Build.0 = Debug|Any CPU
		{B7168874-E05E-458D-95CC-5D7BBC243986}.Debug|x64.ActiveCfg = Debug|x64
		{B7168874-E05E-458D-95CC-5D7BBC243986}.Debug|x64.Build.0 = Debug|x64
		{B7168874-E05E-458D-95CC-5D7BBC243986}.Debug|x86.ActiveCfg = Debug|Any CPU
		{B7168874-E05E-458D-95CC-5D7BBC243986}.Debug|x86.Build.0 = Debug|Any CPU
		{B7168874-E05E-458D-95CC-5D7BBC243986}.Release|Any CPU.ActiveCfg = Release|Any CPU
		{B7168874-E05E-458D-95CC-5D7BBC243986}.Release|Any CPU.Build.0 = Release|Any CPU
		{B7168874-E05E-458D-95CC-5D7BBC243986}.Release|arm64.ActiveCfg = Release|Any CPU
		{B7168874-E05E-458D-95CC-5D7BBC243986}.Release|arm64.Build.0 = Release|Any CPU
		{B7168874-E05E-458D-95CC-5D7BBC243986}.Release|x64.ActiveCfg = Release|x64
		{B7168874-E05E-458D-95CC-5D7BBC243986}.Release|x64.Build.0 = Release|x64
		{B7168874-E05E-458D-95CC-5D7BBC243986}.Release|x86.ActiveCfg = Release|Any CPU
		{B7168874-E05E-458D-95CC-5D7BBC243986}.Release|x86.Build.0 = Release|Any CPU
		{D90A8E89-66B2-451E-8B31-3D86F0CD4AFB}.Debug|Any CPU.ActiveCfg = Debug|Any CPU
		{D90A8E89-66B2-451E-8B31-3D86F0CD4AFB}.Debug|Any CPU.Build.0 = Debug|Any CPU
		{D90A8E89-66B2-451E-8B31-3D86F0CD4AFB}.Debug|arm64.ActiveCfg = Debug|Any CPU
		{D90A8E89-66B2-451E-8B31-3D86F0CD4AFB}.Debug|arm64.Build.0 = Debug|Any CPU
		{D90A8E89-66B2-451E-8B31-3D86F0CD4AFB}.Debug|x64.ActiveCfg = Debug|x64
		{D90A8E89-66B2-451E-8B31-3D86F0CD4AFB}.Debug|x64.Build.0 = Debug|x64
		{D90A8E89-66B2-451E-8B31-3D86F0CD4AFB}.Debug|x86.ActiveCfg = Debug|Any CPU
		{D90A8E89-66B2-451E-8B31-3D86F0CD4AFB}.Debug|x86.Build.0 = Debug|Any CPU
		{D90A8E89-66B2-451E-8B31-3D86F0CD4AFB}.Release|Any CPU.ActiveCfg = Release|Any CPU
		{D90A8E89-66B2-451E-8B31-3D86F0CD4AFB}.Release|Any CPU.Build.0 = Release|Any CPU
		{D90A8E89-66B2-451E-8B31-3D86F0CD4AFB}.Release|arm64.ActiveCfg = Release|Any CPU
		{D90A8E89-66B2-451E-8B31-3D86F0CD4AFB}.Release|arm64.Build.0 = Release|Any CPU
		{D90A8E89-66B2-451E-8B31-3D86F0CD4AFB}.Release|x64.ActiveCfg = Release|x64
		{D90A8E89-66B2-451E-8B31-3D86F0CD4AFB}.Release|x64.Build.0 = Release|x64
		{D90A8E89-66B2-451E-8B31-3D86F0CD4AFB}.Release|x86.ActiveCfg = Release|Any CPU
		{D90A8E89-66B2-451E-8B31-3D86F0CD4AFB}.Release|x86.Build.0 = Release|Any CPU
		{B99CB919-1A2C-4E3B-9C15-8789B358EA99}.Debug|Any CPU.ActiveCfg = Debug|Any CPU
		{B99CB919-1A2C-4E3B-9C15-8789B358EA99}.Debug|Any CPU.Build.0 = Debug|Any CPU
		{B99CB919-1A2C-4E3B-9C15-8789B358EA99}.Debug|arm64.ActiveCfg = Debug|Any CPU
		{B99CB919-1A2C-4E3B-9C15-8789B358EA99}.Debug|arm64.Build.0 = Debug|Any CPU
		{B99CB919-1A2C-4E3B-9C15-8789B358EA99}.Debug|x64.ActiveCfg = Debug|x64
		{B99CB919-1A2C-4E3B-9C15-8789B358EA99}.Debug|x64.Build.0 = Debug|x64
		{B99CB919-1A2C-4E3B-9C15-8789B358EA99}.Debug|x86.ActiveCfg = Debug|Any CPU
		{B99CB919-1A2C-4E3B-9C15-8789B358EA99}.Debug|x86.Build.0 = Debug|Any CPU
		{B99CB919-1A2C-4E3B-9C15-8789B358EA99}.Release|Any CPU.ActiveCfg = Release|Any CPU
		{B99CB919-1A2C-4E3B-9C15-8789B358EA99}.Release|Any CPU.Build.0 = Release|Any CPU
		{B99CB919-1A2C-4E3B-9C15-8789B358EA99}.Release|arm64.ActiveCfg = Release|Any CPU
		{B99CB919-1A2C-4E3B-9C15-8789B358EA99}.Release|arm64.Build.0 = Release|Any CPU
		{B99CB919-1A2C-4E3B-9C15-8789B358EA99}.Release|x64.ActiveCfg = Release|x64
		{B99CB919-1A2C-4E3B-9C15-8789B358EA99}.Release|x64.Build.0 = Release|x64
		{B99CB919-1A2C-4E3B-9C15-8789B358EA99}.Release|x86.ActiveCfg = Release|Any CPU
		{B99CB919-1A2C-4E3B-9C15-8789B358EA99}.Release|x86.Build.0 = Release|Any CPU
		{62F97060-6A9E-477D-B15B-E1A1F5320039}.Debug|Any CPU.ActiveCfg = Debug|Any CPU
		{62F97060-6A9E-477D-B15B-E1A1F5320039}.Debug|Any CPU.Build.0 = Debug|Any CPU
		{62F97060-6A9E-477D-B15B-E1A1F5320039}.Debug|arm64.ActiveCfg = Debug|Any CPU
		{62F97060-6A9E-477D-B15B-E1A1F5320039}.Debug|arm64.Build.0 = Debug|Any CPU
		{62F97060-6A9E-477D-B15B-E1A1F5320039}.Debug|x64.ActiveCfg = Debug|x64
		{62F97060-6A9E-477D-B15B-E1A1F5320039}.Debug|x64.Build.0 = Debug|x64
		{62F97060-6A9E-477D-B15B-E1A1F5320039}.Debug|x86.ActiveCfg = Debug|Any CPU
		{62F97060-6A9E-477D-B15B-E1A1F5320039}.Debug|x86.Build.0 = Debug|Any CPU
		{62F97060-6A9E-477D-B15B-E1A1F5320039}.Release|Any CPU.ActiveCfg = Release|Any CPU
		{62F97060-6A9E-477D-B15B-E1A1F5320039}.Release|Any CPU.Build.0 = Release|Any CPU
		{62F97060-6A9E-477D-B15B-E1A1F5320039}.Release|arm64.ActiveCfg = Release|Any CPU
		{62F97060-6A9E-477D-B15B-E1A1F5320039}.Release|arm64.Build.0 = Release|Any CPU
		{62F97060-6A9E-477D-B15B-E1A1F5320039}.Release|x64.ActiveCfg = Release|x64
		{62F97060-6A9E-477D-B15B-E1A1F5320039}.Release|x64.Build.0 = Release|x64
		{62F97060-6A9E-477D-B15B-E1A1F5320039}.Release|x86.ActiveCfg = Release|Any CPU
		{62F97060-6A9E-477D-B15B-E1A1F5320039}.Release|x86.Build.0 = Release|Any CPU
		{AC32DD7A-4FC3-42C5-AFA7-ADE81F13A6DE}.Debug|Any CPU.ActiveCfg = Debug|Any CPU
		{AC32DD7A-4FC3-42C5-AFA7-ADE81F13A6DE}.Debug|Any CPU.Build.0 = Debug|Any CPU
		{AC32DD7A-4FC3-42C5-AFA7-ADE81F13A6DE}.Debug|arm64.ActiveCfg = Debug|Any CPU
		{AC32DD7A-4FC3-42C5-AFA7-ADE81F13A6DE}.Debug|arm64.Build.0 = Debug|Any CPU
		{AC32DD7A-4FC3-42C5-AFA7-ADE81F13A6DE}.Debug|x64.ActiveCfg = Debug|x64
		{AC32DD7A-4FC3-42C5-AFA7-ADE81F13A6DE}.Debug|x64.Build.0 = Debug|x64
		{AC32DD7A-4FC3-42C5-AFA7-ADE81F13A6DE}.Debug|x86.ActiveCfg = Debug|Any CPU
		{AC32DD7A-4FC3-42C5-AFA7-ADE81F13A6DE}.Debug|x86.Build.0 = Debug|Any CPU
		{AC32DD7A-4FC3-42C5-AFA7-ADE81F13A6DE}.Release|Any CPU.ActiveCfg = Release|Any CPU
		{AC32DD7A-4FC3-42C5-AFA7-ADE81F13A6DE}.Release|Any CPU.Build.0 = Release|Any CPU
		{AC32DD7A-4FC3-42C5-AFA7-ADE81F13A6DE}.Release|arm64.ActiveCfg = Release|Any CPU
		{AC32DD7A-4FC3-42C5-AFA7-ADE81F13A6DE}.Release|arm64.Build.0 = Release|Any CPU
		{AC32DD7A-4FC3-42C5-AFA7-ADE81F13A6DE}.Release|x64.ActiveCfg = Release|x64
		{AC32DD7A-4FC3-42C5-AFA7-ADE81F13A6DE}.Release|x64.Build.0 = Release|x64
		{AC32DD7A-4FC3-42C5-AFA7-ADE81F13A6DE}.Release|x86.ActiveCfg = Release|Any CPU
		{AC32DD7A-4FC3-42C5-AFA7-ADE81F13A6DE}.Release|x86.Build.0 = Release|Any CPU
		{906E3F01-CD79-4F80-BCA7-1105224328C4}.Debug|Any CPU.ActiveCfg = Debug|Any CPU
		{906E3F01-CD79-4F80-BCA7-1105224328C4}.Debug|Any CPU.Build.0 = Debug|Any CPU
		{906E3F01-CD79-4F80-BCA7-1105224328C4}.Debug|arm64.ActiveCfg = Debug|Any CPU
		{906E3F01-CD79-4F80-BCA7-1105224328C4}.Debug|arm64.Build.0 = Debug|Any CPU
		{906E3F01-CD79-4F80-BCA7-1105224328C4}.Debug|x64.ActiveCfg = Debug|x64
		{906E3F01-CD79-4F80-BCA7-1105224328C4}.Debug|x64.Build.0 = Debug|x64
		{906E3F01-CD79-4F80-BCA7-1105224328C4}.Debug|x86.ActiveCfg = Debug|Any CPU
		{906E3F01-CD79-4F80-BCA7-1105224328C4}.Debug|x86.Build.0 = Debug|Any CPU
		{906E3F01-CD79-4F80-BCA7-1105224328C4}.Release|Any CPU.ActiveCfg = Release|Any CPU
		{906E3F01-CD79-4F80-BCA7-1105224328C4}.Release|Any CPU.Build.0 = Release|Any CPU
		{906E3F01-CD79-4F80-BCA7-1105224328C4}.Release|arm64.ActiveCfg = Release|Any CPU
		{906E3F01-CD79-4F80-BCA7-1105224328C4}.Release|arm64.Build.0 = Release|Any CPU
		{906E3F01-CD79-4F80-BCA7-1105224328C4}.Release|x64.ActiveCfg = Release|x64
		{906E3F01-CD79-4F80-BCA7-1105224328C4}.Release|x64.Build.0 = Release|x64
		{906E3F01-CD79-4F80-BCA7-1105224328C4}.Release|x86.ActiveCfg = Release|Any CPU
		{906E3F01-CD79-4F80-BCA7-1105224328C4}.Release|x86.Build.0 = Release|Any CPU
		{ECE36A69-DD85-4AAB-B329-12BAE4675056}.Debug|Any CPU.ActiveCfg = Debug|Any CPU
		{ECE36A69-DD85-4AAB-B329-12BAE4675056}.Debug|Any CPU.Build.0 = Debug|Any CPU
		{ECE36A69-DD85-4AAB-B329-12BAE4675056}.Debug|arm64.ActiveCfg = Debug|Any CPU
		{ECE36A69-DD85-4AAB-B329-12BAE4675056}.Debug|arm64.Build.0 = Debug|Any CPU
		{ECE36A69-DD85-4AAB-B329-12BAE4675056}.Debug|x64.ActiveCfg = Debug|x64
		{ECE36A69-DD85-4AAB-B329-12BAE4675056}.Debug|x64.Build.0 = Debug|x64
		{ECE36A69-DD85-4AAB-B329-12BAE4675056}.Debug|x86.ActiveCfg = Debug|Any CPU
		{ECE36A69-DD85-4AAB-B329-12BAE4675056}.Debug|x86.Build.0 = Debug|Any CPU
		{ECE36A69-DD85-4AAB-B329-12BAE4675056}.Release|Any CPU.ActiveCfg = Release|Any CPU
		{ECE36A69-DD85-4AAB-B329-12BAE4675056}.Release|Any CPU.Build.0 = Release|Any CPU
		{ECE36A69-DD85-4AAB-B329-12BAE4675056}.Release|arm64.ActiveCfg = Release|Any CPU
		{ECE36A69-DD85-4AAB-B329-12BAE4675056}.Release|arm64.Build.0 = Release|Any CPU
		{ECE36A69-DD85-4AAB-B329-12BAE4675056}.Release|x64.ActiveCfg = Release|x64
		{ECE36A69-DD85-4AAB-B329-12BAE4675056}.Release|x64.Build.0 = Release|x64
		{ECE36A69-DD85-4AAB-B329-12BAE4675056}.Release|x86.ActiveCfg = Release|Any CPU
		{ECE36A69-DD85-4AAB-B329-12BAE4675056}.Release|x86.Build.0 = Release|Any CPU
		{CE58AAC8-2271-4223-882F-0CD1A7105A52}.Debug|Any CPU.ActiveCfg = Debug|Any CPU
		{CE58AAC8-2271-4223-882F-0CD1A7105A52}.Debug|Any CPU.Build.0 = Debug|Any CPU
		{CE58AAC8-2271-4223-882F-0CD1A7105A52}.Debug|arm64.ActiveCfg = Debug|Any CPU
		{CE58AAC8-2271-4223-882F-0CD1A7105A52}.Debug|arm64.Build.0 = Debug|Any CPU
		{CE58AAC8-2271-4223-882F-0CD1A7105A52}.Debug|x64.ActiveCfg = Debug|x64
		{CE58AAC8-2271-4223-882F-0CD1A7105A52}.Debug|x64.Build.0 = Debug|x64
		{CE58AAC8-2271-4223-882F-0CD1A7105A52}.Debug|x86.ActiveCfg = Debug|Any CPU
		{CE58AAC8-2271-4223-882F-0CD1A7105A52}.Debug|x86.Build.0 = Debug|Any CPU
		{CE58AAC8-2271-4223-882F-0CD1A7105A52}.Release|Any CPU.ActiveCfg = Release|Any CPU
		{CE58AAC8-2271-4223-882F-0CD1A7105A52}.Release|Any CPU.Build.0 = Release|Any CPU
		{CE58AAC8-2271-4223-882F-0CD1A7105A52}.Release|arm64.ActiveCfg = Release|Any CPU
		{CE58AAC8-2271-4223-882F-0CD1A7105A52}.Release|arm64.Build.0 = Release|Any CPU
		{CE58AAC8-2271-4223-882F-0CD1A7105A52}.Release|x64.ActiveCfg = Release|x64
		{CE58AAC8-2271-4223-882F-0CD1A7105A52}.Release|x64.Build.0 = Release|x64
		{CE58AAC8-2271-4223-882F-0CD1A7105A52}.Release|x86.ActiveCfg = Release|Any CPU
		{CE58AAC8-2271-4223-882F-0CD1A7105A52}.Release|x86.Build.0 = Release|Any CPU
		{B52EC60A-F421-4224-9038-6DD2CE9A7AB1}.Debug|Any CPU.ActiveCfg = Debug|Any CPU
		{B52EC60A-F421-4224-9038-6DD2CE9A7AB1}.Debug|Any CPU.Build.0 = Debug|Any CPU
		{B52EC60A-F421-4224-9038-6DD2CE9A7AB1}.Debug|arm64.ActiveCfg = Debug|Any CPU
		{B52EC60A-F421-4224-9038-6DD2CE9A7AB1}.Debug|arm64.Build.0 = Debug|Any CPU
		{B52EC60A-F421-4224-9038-6DD2CE9A7AB1}.Debug|x64.ActiveCfg = Debug|x64
		{B52EC60A-F421-4224-9038-6DD2CE9A7AB1}.Debug|x64.Build.0 = Debug|x64
		{B52EC60A-F421-4224-9038-6DD2CE9A7AB1}.Debug|x86.ActiveCfg = Debug|Any CPU
		{B52EC60A-F421-4224-9038-6DD2CE9A7AB1}.Debug|x86.Build.0 = Debug|Any CPU
		{B52EC60A-F421-4224-9038-6DD2CE9A7AB1}.Release|Any CPU.ActiveCfg = Release|Any CPU
		{B52EC60A-F421-4224-9038-6DD2CE9A7AB1}.Release|Any CPU.Build.0 = Release|Any CPU
		{B52EC60A-F421-4224-9038-6DD2CE9A7AB1}.Release|arm64.ActiveCfg = Release|Any CPU
		{B52EC60A-F421-4224-9038-6DD2CE9A7AB1}.Release|arm64.Build.0 = Release|Any CPU
		{B52EC60A-F421-4224-9038-6DD2CE9A7AB1}.Release|x64.ActiveCfg = Release|x64
		{B52EC60A-F421-4224-9038-6DD2CE9A7AB1}.Release|x64.Build.0 = Release|x64
		{B52EC60A-F421-4224-9038-6DD2CE9A7AB1}.Release|x86.ActiveCfg = Release|Any CPU
		{B52EC60A-F421-4224-9038-6DD2CE9A7AB1}.Release|x86.Build.0 = Release|Any CPU
		{FA90174C-5763-46E8-9C95-328CA8451072}.Debug|Any CPU.ActiveCfg = Debug|Any CPU
		{FA90174C-5763-46E8-9C95-328CA8451072}.Debug|Any CPU.Build.0 = Debug|Any CPU
		{FA90174C-5763-46E8-9C95-328CA8451072}.Debug|arm64.ActiveCfg = Debug|arm64
		{FA90174C-5763-46E8-9C95-328CA8451072}.Debug|arm64.Build.0 = Debug|arm64
		{FA90174C-5763-46E8-9C95-328CA8451072}.Debug|x64.ActiveCfg = Debug|x64
		{FA90174C-5763-46E8-9C95-328CA8451072}.Debug|x64.Build.0 = Debug|x64
		{FA90174C-5763-46E8-9C95-328CA8451072}.Debug|x86.ActiveCfg = Debug|x86
		{FA90174C-5763-46E8-9C95-328CA8451072}.Debug|x86.Build.0 = Debug|x86
		{FA90174C-5763-46E8-9C95-328CA8451072}.Release|Any CPU.ActiveCfg = Release|Any CPU
		{FA90174C-5763-46E8-9C95-328CA8451072}.Release|Any CPU.Build.0 = Release|Any CPU
		{FA90174C-5763-46E8-9C95-328CA8451072}.Release|arm64.ActiveCfg = Release|arm64
		{FA90174C-5763-46E8-9C95-328CA8451072}.Release|arm64.Build.0 = Release|arm64
		{FA90174C-5763-46E8-9C95-328CA8451072}.Release|x64.ActiveCfg = Release|x64
		{FA90174C-5763-46E8-9C95-328CA8451072}.Release|x64.Build.0 = Release|x64
		{FA90174C-5763-46E8-9C95-328CA8451072}.Release|x86.ActiveCfg = Release|x86
		{FA90174C-5763-46E8-9C95-328CA8451072}.Release|x86.Build.0 = Release|x86
		{22DF9E95-3764-4C40-8C79-A81B4CC3440D}.Debug|Any CPU.ActiveCfg = Debug|Any CPU
		{22DF9E95-3764-4C40-8C79-A81B4CC3440D}.Debug|Any CPU.Build.0 = Debug|Any CPU
		{22DF9E95-3764-4C40-8C79-A81B4CC3440D}.Debug|arm64.ActiveCfg = Debug|Any CPU
		{22DF9E95-3764-4C40-8C79-A81B4CC3440D}.Debug|arm64.Build.0 = Debug|Any CPU
		{22DF9E95-3764-4C40-8C79-A81B4CC3440D}.Debug|x64.ActiveCfg = Debug|x64
		{22DF9E95-3764-4C40-8C79-A81B4CC3440D}.Debug|x86.ActiveCfg = Debug|Any CPU
		{22DF9E95-3764-4C40-8C79-A81B4CC3440D}.Debug|x86.Build.0 = Debug|Any CPU
		{22DF9E95-3764-4C40-8C79-A81B4CC3440D}.Release|Any CPU.ActiveCfg = Debug|Any CPU
		{22DF9E95-3764-4C40-8C79-A81B4CC3440D}.Release|Any CPU.Build.0 = Debug|Any CPU
		{22DF9E95-3764-4C40-8C79-A81B4CC3440D}.Release|arm64.ActiveCfg = Debug|Any CPU
		{22DF9E95-3764-4C40-8C79-A81B4CC3440D}.Release|arm64.Build.0 = Debug|Any CPU
		{22DF9E95-3764-4C40-8C79-A81B4CC3440D}.Release|x64.ActiveCfg = Release|x64
		{22DF9E95-3764-4C40-8C79-A81B4CC3440D}.Release|x86.ActiveCfg = Debug|Any CPU
		{22DF9E95-3764-4C40-8C79-A81B4CC3440D}.Release|x86.Build.0 = Debug|Any CPU
	EndGlobalSection
	GlobalSection(SolutionProperties) = preSolution
		HideSolutionNode = FALSE
	EndGlobalSection
	GlobalSection(NestedProjects) = preSolution
		{61D343CF-77BA-4EF2-96F5-E0D4EFD04844} = {60DB2EBD-DE71-49D4-A026-C511A24E5E1B}
		{B7168874-E05E-458D-95CC-5D7BBC243986} = {60DB2EBD-DE71-49D4-A026-C511A24E5E1B}
		{D90A8E89-66B2-451E-8B31-3D86F0CD4AFB} = {60DB2EBD-DE71-49D4-A026-C511A24E5E1B}
		{B99CB919-1A2C-4E3B-9C15-8789B358EA99} = {60DB2EBD-DE71-49D4-A026-C511A24E5E1B}
		{62F97060-6A9E-477D-B15B-E1A1F5320039} = {F6E58164-D4AB-4249-87A7-01648B443602}
		{AC32DD7A-4FC3-42C5-AFA7-ADE81F13A6DE} = {F6E58164-D4AB-4249-87A7-01648B443602}
		{906E3F01-CD79-4F80-BCA7-1105224328C4} = {F6E58164-D4AB-4249-87A7-01648B443602}
		{ECE36A69-DD85-4AAB-B329-12BAE4675056} = {F6E58164-D4AB-4249-87A7-01648B443602}
		{CE58AAC8-2271-4223-882F-0CD1A7105A52} = {F6E58164-D4AB-4249-87A7-01648B443602}
		{B52EC60A-F421-4224-9038-6DD2CE9A7AB1} = {D1A05A7F-ACC7-4335-AE6B-29BFAAE38B07}
		{FA90174C-5763-46E8-9C95-328CA8451072} = {D1A05A7F-ACC7-4335-AE6B-29BFAAE38B07}
		{22DF9E95-3764-4C40-8C79-A81B4CC3440D} = {BFB6F0F7-23AE-4BA3-94E0-6FF0765F6A05}
	EndGlobalSection
	GlobalSection(ExtensibilityGlobals) = postSolution
		SolutionGuid = {0DB83330-688E-452F-86D9-2B9BD7A1272E}
	EndGlobalSection
EndGlobal
